// !$*UTF8*$!
{
	archiveVersion = 1;
	classes = {
	};
	objectVersion = 46;
	objects = {

/* Begin PBXBuildFile section */
		5954ACBB1E3683D900A56CA7 /* main.m in Sources */ = {isa = PBXBuildFile; fileRef = 5954ACBA1E3683D900A56CA7 /* main.m */; };
		5954ACBE1E3683D900A56CA7 /* AppDelegate.m in Sources */ = {isa = PBXBuildFile; fileRef = 5954ACBD1E3683D900A56CA7 /* AppDelegate.m */; };
		5954ACC11E3683D900A56CA7 /* ViewController.m in Sources */ = {isa = PBXBuildFile; fileRef = 5954ACC01E3683D900A56CA7 /* ViewController.m */; };
		5954ACC41E3683D900A56CA7 /* Main.storyboard in Resources */ = {isa = PBXBuildFile; fileRef = 5954ACC21E3683D900A56CA7 /* Main.storyboard */; };
		5954ACC61E3683D900A56CA7 /* Assets.xcassets in Resources */ = {isa = PBXBuildFile; fileRef = 5954ACC51E3683D900A56CA7 /* Assets.xcassets */; };
		5954ACC91E3683D900A56CA7 /* LaunchScreen.storyboard in Resources */ = {isa = PBXBuildFile; fileRef = 5954ACC71E3683D900A56CA7 /* LaunchScreen.storyboard */; };
		5954ACD21E368F6C00A56CA7 /* MovieCell.m in Sources */ = {isa = PBXBuildFile; fileRef = 5954ACD11E368F6C00A56CA7 /* MovieCell.m */; };
		5954ACD71E36AEE300A56CA7 /* MovieModel.m in Sources */ = {isa = PBXBuildFile; fileRef = 5954ACD61E36AEE300A56CA7 /* MovieModel.m */; };
		5976DAEB1E36C9DD0098BE40 /* MovieDetailView.m in Sources */ = {isa = PBXBuildFile; fileRef = 5976DAEA1E36C9DD0098BE40 /* MovieDetailView.m */; };
		5976DAF81E37D29F0098BE40 /* video-8-24.png in Resources */ = {isa = PBXBuildFile; fileRef = 5976DAF71E37D29F0098BE40 /* video-8-24.png */; };
		59F11E5A1E3827C4000A2880 /* star-1-16.png in Resources */ = {isa = PBXBuildFile; fileRef = 59F11E591E3827C4000A2880 /* star-1-16.png */; };
		B0CF99F83F1945F50D4933AC /* libPods-Flicks.a in Frameworks */ = {isa = PBXBuildFile; fileRef = 65B187D1DA3E436C4C20FA07 /* libPods-Flicks.a */; };
/* End PBXBuildFile section */

/* Begin PBXFileReference section */
		06BE6F24BE9E1BA32BB49976 /* Pods-Flicks.release.xcconfig */ = {isa = PBXFileReference; includeInIndex = 1; lastKnownFileType = text.xcconfig; name = "Pods-Flicks.release.xcconfig"; path = "Pods/Target Support Files/Pods-Flicks/Pods-Flicks.release.xcconfig"; sourceTree = "<group>"; };
		1C9ACD9FCCB28256309B7940 /* Pods-Flicks.debug.xcconfig */ = {isa = PBXFileReference; includeInIndex = 1; lastKnownFileType = text.xcconfig; name = "Pods-Flicks.debug.xcconfig"; path = "Pods/Target Support Files/Pods-Flicks/Pods-Flicks.debug.xcconfig"; sourceTree = "<group>"; };
		5954ACB61E3683D900A56CA7 /* Flicks.app */ = {isa = PBXFileReference; explicitFileType = wrapper.application; includeInIndex = 0; path = Flicks.app; sourceTree = BUILT_PRODUCTS_DIR; };
		5954ACBA1E3683D900A56CA7 /* main.m */ = {isa = PBXFileReference; lastKnownFileType = sourcecode.c.objc; path = main.m; sourceTree = "<group>"; };
		5954ACBC1E3683D900A56CA7 /* AppDelegate.h */ = {isa = PBXFileReference; lastKnownFileType = sourcecode.c.h; path = AppDelegate.h; sourceTree = "<group>"; };
		5954ACBD1E3683D900A56CA7 /* AppDelegate.m */ = {isa = PBXFileReference; lastKnownFileType = sourcecode.c.objc; path = AppDelegate.m; sourceTree = "<group>"; };
		5954ACBF1E3683D900A56CA7 /* ViewController.h */ = {isa = PBXFileReference; lastKnownFileType = sourcecode.c.h; path = ViewController.h; sourceTree = "<group>"; };
		5954ACC01E3683D900A56CA7 /* ViewController.m */ = {isa = PBXFileReference; lastKnownFileType = sourcecode.c.objc; path = ViewController.m; sourceTree = "<group>"; };
		5954ACC31E3683D900A56CA7 /* Base */ = {isa = PBXFileReference; lastKnownFileType = file.storyboard; name = Base; path = Base.lproj/Main.storyboard; sourceTree = "<group>"; };
		5954ACC51E3683D900A56CA7 /* Assets.xcassets */ = {isa = PBXFileReference; lastKnownFileType = folder.assetcatalog; path = Assets.xcassets; sourceTree = "<group>"; };
		5954ACC81E3683D900A56CA7 /* Base */ = {isa = PBXFileReference; lastKnownFileType = file.storyboard; name = Base; path = Base.lproj/LaunchScreen.storyboard; sourceTree = "<group>"; };
		5954ACCA1E3683D900A56CA7 /* Info.plist */ = {isa = PBXFileReference; lastKnownFileType = text.plist.xml; path = Info.plist; sourceTree = "<group>"; };
		5954ACD01E368F6C00A56CA7 /* MovieCell.h */ = {isa = PBXFileReference; fileEncoding = 4; lastKnownFileType = sourcecode.c.h; path = MovieCell.h; sourceTree = "<group>"; };
		5954ACD11E368F6C00A56CA7 /* MovieCell.m */ = {isa = PBXFileReference; fileEncoding = 4; lastKnownFileType = sourcecode.c.objc; path = MovieCell.m; sourceTree = "<group>"; };
		5954ACD51E36AEE300A56CA7 /* MovieModel.h */ = {isa = PBXFileReference; fileEncoding = 4; lastKnownFileType = sourcecode.c.h; path = MovieModel.h; sourceTree = "<group>"; };
		5954ACD61E36AEE300A56CA7 /* MovieModel.m */ = {isa = PBXFileReference; fileEncoding = 4; lastKnownFileType = sourcecode.c.objc; path = MovieModel.m; sourceTree = "<group>"; };
		5976DAE91E36C9DD0098BE40 /* MovieDetailView.h */ = {isa = PBXFileReference; fileEncoding = 4; lastKnownFileType = sourcecode.c.h; name = MovieDetailView.h; path = ../MovieDetailView.h; sourceTree = "<group>"; };
		5976DAEA1E36C9DD0098BE40 /* MovieDetailView.m */ = {isa = PBXFileReference; fileEncoding = 4; lastKnownFileType = sourcecode.c.objc; name = MovieDetailView.m; path = ../MovieDetailView.m; sourceTree = "<group>"; };
		5976DAF71E37D29F0098BE40 /* video-8-24.png */ = {isa = PBXFileReference; lastKnownFileType = image.png; name = "video-8-24.png"; path = "../../../../Desktop/video-8-24.png"; sourceTree = "<group>"; };
		59F11E591E3827C4000A2880 /* star-1-16.png */ = {isa = PBXFileReference; lastKnownFileType = image.png; name = "star-1-16.png"; path = "../../../../Desktop/star-1-16.png"; sourceTree = "<group>"; };
		65B187D1DA3E436C4C20FA07 /* libPods-Flicks.a */ = {isa = PBXFileReference; explicitFileType = archive.ar; includeInIndex = 0; path = "libPods-Flicks.a"; sourceTree = BUILT_PRODUCTS_DIR; };
/* End PBXFileReference section */

/* Begin PBXFrameworksBuildPhase section */
		5954ACB31E3683D800A56CA7 /* Frameworks */ = {
			isa = PBXFrameworksBuildPhase;
			buildActionMask = 2147483647;
			files = (
				B0CF99F83F1945F50D4933AC /* libPods-Flicks.a in Frameworks */,
			);
			runOnlyForDeploymentPostprocessing = 0;
		};
/* End PBXFrameworksBuildPhase section */

/* Begin PBXGroup section */
		3BCFC6CB215F725E31DDA723 /* Frameworks */ = {
			isa = PBXGroup;
			children = (
				65B187D1DA3E436C4C20FA07 /* libPods-Flicks.a */,
			);
			name = Frameworks;
			sourceTree = "<group>";
		};
		5954ACAD1E3683D800A56CA7 = {
			isa = PBXGroup;
			children = (
				5954ACB81E3683D900A56CA7 /* Flicks */,
				5954ACB71E3683D900A56CA7 /* Products */,
				CE18C56721C0AB905DC2D2F1 /* Pods */,
				3BCFC6CB215F725E31DDA723 /* Frameworks */,
			);
			sourceTree = "<group>";
		};
		5954ACB71E3683D900A56CA7 /* Products */ = {
			isa = PBXGroup;
			children = (
				5954ACB61E3683D900A56CA7 /* Flicks.app */,
			);
			name = Products;
			sourceTree = "<group>";
		};
		5954ACB81E3683D900A56CA7 /* Flicks */ = {
			isa = PBXGroup;
			children = (
				5976DAE91E36C9DD0098BE40 /* MovieDetailView.h */,
				5976DAEA1E36C9DD0098BE40 /* MovieDetailView.m */,
				5954ACBC1E3683D900A56CA7 /* AppDelegate.h */,
				5954ACBD1E3683D900A56CA7 /* AppDelegate.m */,
				5954ACBF1E3683D900A56CA7 /* ViewController.h */,
				5954ACC01E3683D900A56CA7 /* ViewController.m */,
				5976DAF71E37D29F0098BE40 /* video-8-24.png */,
				59F11E591E3827C4000A2880 /* star-1-16.png */,
				5954ACD01E368F6C00A56CA7 /* MovieCell.h */,
				5954ACD11E368F6C00A56CA7 /* MovieCell.m */,
				5954ACC21E3683D900A56CA7 /* Main.storyboard */,
				5954ACC51E3683D900A56CA7 /* Assets.xcassets */,
				5954ACC71E3683D900A56CA7 /* LaunchScreen.storyboard */,
				5954ACCA1E3683D900A56CA7 /* Info.plist */,
				5954ACB91E3683D900A56CA7 /* Supporting Files */,
				5954ACD51E36AEE300A56CA7 /* MovieModel.h */,
				5954ACD61E36AEE300A56CA7 /* MovieModel.m */,
			);
			path = Flicks;
			sourceTree = "<group>";
		};
		5954ACB91E3683D900A56CA7 /* Supporting Files */ = {
			isa = PBXGroup;
			children = (
				5954ACBA1E3683D900A56CA7 /* main.m */,
			);
			name = "Supporting Files";
			sourceTree = "<group>";
		};
		CE18C56721C0AB905DC2D2F1 /* Pods */ = {
			isa = PBXGroup;
			children = (
				1C9ACD9FCCB28256309B7940 /* Pods-Flicks.debug.xcconfig */,
				06BE6F24BE9E1BA32BB49976 /* Pods-Flicks.release.xcconfig */,
			);
			name = Pods;
			sourceTree = "<group>";
		};
/* End PBXGroup section */

/* Begin PBXNativeTarget section */
		5954ACB51E3683D800A56CA7 /* Flicks */ = {
			isa = PBXNativeTarget;
			buildConfigurationList = 5954ACCD1E3683D900A56CA7 /* Build configuration list for PBXNativeTarget "Flicks" */;
			buildPhases = (
				94588DFC5063819A355C51E2 /* [CP] Check Pods Manifest.lock */,
				5954ACB21E3683D800A56CA7 /* Sources */,
				5954ACB31E3683D800A56CA7 /* Frameworks */,
				5954ACB41E3683D800A56CA7 /* Resources */,
				73BF4BE59B9381CDEA4BFEFB /* [CP] Embed Pods Frameworks */,
				5F3E8B358DBF482F13D9C13D /* [CP] Copy Pods Resources */,
			);
			buildRules = (
			);
			dependencies = (
			);
			name = Flicks;
			productName = Flicks;
			productReference = 5954ACB61E3683D900A56CA7 /* Flicks.app */;
			productType = "com.apple.product-type.application";
		};
/* End PBXNativeTarget section */

/* Begin PBXProject section */
		5954ACAE1E3683D800A56CA7 /* Project object */ = {
			isa = PBXProject;
			attributes = {
				LastUpgradeCheck = 0820;
				ORGANIZATIONNAME = "Seth Bertalotto";
				TargetAttributes = {
					5954ACB51E3683D800A56CA7 = {
						CreatedOnToolsVersion = 8.2.1;
						ProvisioningStyle = Automatic;
					};
				};
			};
			buildConfigurationList = 5954ACB11E3683D800A56CA7 /* Build configuration list for PBXProject "Flicks" */;
			compatibilityVersion = "Xcode 3.2";
			developmentRegion = English;
			hasScannedForEncodings = 0;
			knownRegions = (
				en,
				Base,
			);
			mainGroup = 5954ACAD1E3683D800A56CA7;
			productRefGroup = 5954ACB71E3683D900A56CA7 /* Products */;
			projectDirPath = "";
			projectRoot = "";
			targets = (
				5954ACB51E3683D800A56CA7 /* Flicks */,
			);
		};
/* End PBXProject section */

/* Begin PBXResourcesBuildPhase section */
		5954ACB41E3683D800A56CA7 /* Resources */ = {
			isa = PBXResourcesBuildPhase;
			buildActionMask = 2147483647;
			files = (
				59F11E5A1E3827C4000A2880 /* star-1-16.png in Resources */,
				5954ACC91E3683D900A56CA7 /* LaunchScreen.storyboard in Resources */,
				5954ACC61E3683D900A56CA7 /* Assets.xcassets in Resources */,
				5976DAF81E37D29F0098BE40 /* video-8-24.png in Resources */,
				5954ACC41E3683D900A56CA7 /* Main.storyboard in Resources */,
			);
			runOnlyForDeploymentPostprocessing = 0;
		};
/* End PBXResourcesBuildPhase section */

/* Begin PBXShellScriptBuildPhase section */
		5F3E8B358DBF482F13D9C13D /* [CP] Copy Pods Resources */ = {
			isa = PBXShellScriptBuildPhase;
			buildActionMask = 2147483647;
			files = (
			);
			inputPaths = (
			);
			name = "[CP] Copy Pods Resources";
			outputPaths = (
			);
			runOnlyForDeploymentPostprocessing = 0;
			shellPath = /bin/sh;
			shellScript = "\"${SRCROOT}/Pods/Target Support Files/Pods-Flicks/Pods-Flicks-resources.sh\"\n";
			showEnvVarsInLog = 0;
		};
		73BF4BE59B9381CDEA4BFEFB /* [CP] Embed Pods Frameworks */ = {
			isa = PBXShellScriptBuildPhase;
			buildActionMask = 2147483647;
			files = (
			);
			inputPaths = (
			);
			name = "[CP] Embed Pods Frameworks";
			outputPaths = (
			);
			runOnlyForDeploymentPostprocessing = 0;
			shellPath = /bin/sh;
			shellScript = "\"${SRCROOT}/Pods/Target Support Files/Pods-Flicks/Pods-Flicks-frameworks.sh\"\n";
			showEnvVarsInLog = 0;
		};
		94588DFC5063819A355C51E2 /* [CP] Check Pods Manifest.lock */ = {
			isa = PBXShellScriptBuildPhase;
			buildActionMask = 2147483647;
			files = (
			);
			inputPaths = (
			);
			name = "[CP] Check Pods Manifest.lock";
			outputPaths = (
			);
			runOnlyForDeploymentPostprocessing = 0;
			shellPath = /bin/sh;
			shellScript = "diff \"${PODS_ROOT}/../Podfile.lock\" \"${PODS_ROOT}/Manifest.lock\" > /dev/null\nif [ $? != 0 ] ; then\n    # print error to STDERR\n    echo \"error: The sandbox is not in sync with the Podfile.lock. Run 'pod install' or update your CocoaPods installation.\" >&2\n    exit 1\nfi\n";
			showEnvVarsInLog = 0;
		};
/* End PBXShellScriptBuildPhase section */

/* Begin PBXSourcesBuildPhase section */
		5954ACB21E3683D800A56CA7 /* Sources */ = {
			isa = PBXSourcesBuildPhase;
			buildActionMask = 2147483647;
			files = (
				5976DAEB1E36C9DD0098BE40 /* MovieDetailView.m in Sources */,
				5954ACC11E3683D900A56CA7 /* ViewController.m in Sources */,
				5954ACBE1E3683D900A56CA7 /* AppDelegate.m in Sources */,
				5954ACD21E368F6C00A56CA7 /* MovieCell.m in Sources */,
				5954ACD71E36AEE300A56CA7 /* MovieModel.m in Sources */,
				5954ACBB1E3683D900A56CA7 /* main.m in Sources */,
			);
			runOnlyForDeploymentPostprocessing = 0;
		};
/* End PBXSourcesBuildPhase section */

/* Begin PBXVariantGroup section */
		5954ACC21E3683D900A56CA7 /* Main.storyboard */ = {
			isa = PBXVariantGroup;
			children = (
				5954ACC31E3683D900A56CA7 /* Base */,
			);
			name = Main.storyboard;
			sourceTree = "<group>";
		};
		5954ACC71E3683D900A56CA7 /* LaunchScreen.storyboard */ = {
			isa = PBXVariantGroup;
			children = (
				5954ACC81E3683D900A56CA7 /* Base */,
			);
			name = LaunchScreen.storyboard;
			sourceTree = "<group>";
		};
/* End PBXVariantGroup section */

/* Begin XCBuildConfiguration section */
		5954ACCB1E3683D900A56CA7 /* Debug */ = {
			isa = XCBuildConfiguration;
			buildSettings = {
				ALWAYS_SEARCH_USER_PATHS = NO;
				CLANG_ANALYZER_NONNULL = YES;
				CLANG_CXX_LANGUAGE_STANDARD = "gnu++0x";
				CLANG_CXX_LIBRARY = "libc++";
				CLANG_ENABLE_MODULES = YES;
				CLANG_ENABLE_OBJC_ARC = YES;
				CLANG_WARN_BOOL_CONVERSION = YES;
				CLANG_WARN_CONSTANT_CONVERSION = YES;
				CLANG_WARN_DIRECT_OBJC_ISA_USAGE = YES_ERROR;
				CLANG_WARN_DOCUMENTATION_COMMENTS = YES;
				CLANG_WARN_EMPTY_BODY = YES;
				CLANG_WARN_ENUM_CONVERSION = YES;
				CLANG_WARN_INFINITE_RECURSION = YES;
				CLANG_WARN_INT_CONVERSION = YES;
				CLANG_WARN_OBJC_ROOT_CLASS = YES_ERROR;
				CLANG_WARN_SUSPICIOUS_MOVE = YES;
				CLANG_WARN_UNREACHABLE_CODE = YES;
				CLANG_WARN__DUPLICATE_METHOD_MATCH = YES;
				"CODE_SIGN_IDENTITY[sdk=iphoneos*]" = "iPhone Developer";
				COPY_PHASE_STRIP = NO;
				DEBUG_INFORMATION_FORMAT = dwarf;
				ENABLE_STRICT_OBJC_MSGSEND = YES;
				ENABLE_TESTABILITY = YES;
				GCC_C_LANGUAGE_STANDARD = gnu99;
				GCC_DYNAMIC_NO_PIC = NO;
				GCC_NO_COMMON_BLOCKS = YES;
				GCC_OPTIMIZATION_LEVEL = 0;
				GCC_PREPROCESSOR_DEFINITIONS = (
					"DEBUG=1",
					"$(inherited)",
				);
				GCC_WARN_64_TO_32_BIT_CONVERSION = YES;
				GCC_WARN_ABOUT_RETURN_TYPE = YES_ERROR;
				GCC_WARN_UNDECLARED_SELECTOR = YES;
				GCC_WARN_UNINITIALIZED_AUTOS = YES_AGGRESSIVE;
				GCC_WARN_UNUSED_FUNCTION = YES;
				GCC_WARN_UNUSED_VARIABLE = YES;
				IPHONEOS_DEPLOYMENT_TARGET = 10.2;
				MTL_ENABLE_DEBUG_INFO = YES;
				ONLY_ACTIVE_ARCH = YES;
				SDKROOT = iphoneos;
				TARGETED_DEVICE_FAMILY = "1,2";
			};
			name = Debug;
		};
		5954ACCC1E3683D900A56CA7 /* Release */ = {
			isa = XCBuildConfiguration;
			buildSettings = {
				ALWAYS_SEARCH_USER_PATHS = NO;
				CLANG_ANALYZER_NONNULL = YES;
				CLANG_CXX_LANGUAGE_STANDARD = "gnu++0x";
				CLANG_CXX_LIBRARY = "libc++";
				CLANG_ENABLE_MODULES = YES;
				CLANG_ENABLE_OBJC_ARC = YES;
				CLANG_WARN_BOOL_CONVERSION = YES;
				CLANG_WARN_CONSTANT_CONVERSION = YES;
				CLANG_WARN_DIRECT_OBJC_ISA_USAGE = YES_ERROR;
				CLANG_WARN_DOCUMENTATION_COMMENTS = YES;
				CLANG_WARN_EMPTY_BODY = YES;
				CLANG_WARN_ENUM_CONVERSION = YES;
				CLANG_WARN_INFINITE_RECURSION = YES;
				CLANG_WARN_INT_CONVERSION = YES;
				CLANG_WARN_OBJC_ROOT_CLASS = YES_ERROR;
				CLANG_WARN_SUSPICIOUS_MOVE = YES;
				CLANG_WARN_UNREACHABLE_CODE = YES;
				CLANG_WARN__DUPLICATE_METHOD_MATCH = YES;
				"CODE_SIGN_IDENTITY[sdk=iphoneos*]" = "iPhone Developer";
				COPY_PHASE_STRIP = NO;
				DEBUG_INFORMATION_FORMAT = "dwarf-with-dsym";
				ENABLE_NS_ASSERTIONS = NO;
				ENABLE_STRICT_OBJC_MSGSEND = YES;
				GCC_C_LANGUAGE_STANDARD = gnu99;
				GCC_NO_COMMON_BLOCKS = YES;
				GCC_WARN_64_TO_32_BIT_CONVERSION = YES;
				GCC_WARN_ABOUT_RETURN_TYPE = YES_ERROR;
				GCC_WARN_UNDECLARED_SELECTOR = YES;
				GCC_WARN_UNINITIALIZED_AUTOS = YES_AGGRESSIVE;
				GCC_WARN_UNUSED_FUNCTION = YES;
				GCC_WARN_UNUSED_VARIABLE = YES;
				IPHONEOS_DEPLOYMENT_TARGET = 10.2;
				MTL_ENABLE_DEBUG_INFO = NO;
				SDKROOT = iphoneos;
				TARGETED_DEVICE_FAMILY = "1,2";
				VALIDATE_PRODUCT = YES;
			};
			name = Release;
		};
		5954ACCE1E3683D900A56CA7 /* Debug */ = {
			isa = XCBuildConfiguration;
			baseConfigurationReference = 1C9ACD9FCCB28256309B7940 /* Pods-Flicks.debug.xcconfig */;
			buildSettings = {
				ASSETCATALOG_COMPILER_APPICON_NAME = AppIcon;
				INFOPLIST_FILE = Flicks/Info.plist;
				LD_RUNPATH_SEARCH_PATHS = "$(inherited) @executable_path/Frameworks";
				PRODUCT_BUNDLE_IDENTIFIER = sbertal.Flicks;
				PRODUCT_NAME = "$(TARGET_NAME)";
			};
			name = Debug;
		};
		5954ACCF1E3683D900A56CA7 /* Release */ = {
			isa = XCBuildConfiguration;
			baseConfigurationReference = 06BE6F24BE9E1BA32BB49976 /* Pods-Flicks.release.xcconfig */;
			buildSettings = {
				ASSETCATALOG_COMPILER_APPICON_NAME = AppIcon;
				INFOPLIST_FILE = Flicks/Info.plist;
				LD_RUNPATH_SEARCH_PATHS = "$(inherited) @executable_path/Frameworks";
				PRODUCT_BUNDLE_IDENTIFIER = sbertal.Flicks;
				PRODUCT_NAME = "$(TARGET_NAME)";
			};
			name = Release;
		};
/* End XCBuildConfiguration section */

/* Begin XCConfigurationList section */
		5954ACB11E3683D800A56CA7 /* Build configuration list for PBXProject "Flicks" */ = {
			isa = XCConfigurationList;
			buildConfigurations = (
				5954ACCB1E3683D900A56CA7 /* Debug */,
				5954ACCC1E3683D900A56CA7 /* Release */,
			);
			defaultConfigurationIsVisible = 0;
			defaultConfigurationName = Release;
		};
		5954ACCD1E3683D900A56CA7 /* Build configuration list for PBXNativeTarget "Flicks" */ = {
			isa = XCConfigurationList;
			buildConfigurations = (
				5954ACCE1E3683D900A56CA7 /* Debug */,
				5954ACCF1E3683D900A56CA7 /* Release */,
			);
			defaultConfigurationIsVisible = 0;
			defaultConfigurationName = Release;
		};
/* End XCConfigurationList section */
	};
	rootObject = 5954ACAE1E3683D800A56CA7 /* Project object */;
}
